
Microsoft Visual Studio Solution File, Format Version 12.00
# Visual Studio Version 17
VisualStudioVersion = 17.3.32929.385
MinimumVisualStudioVersion = 10.0.40219.1
Project("{FAE04EC0-301F-11D3-BF4B-00C04F79EFBC}") = "AreasFigures", "AreasFigures\AreasFigures.csproj", "{0190220E-A5C8-463D-B18B-F7B96361C08F}"
EndProject
Global
	GlobalSection(SolutionConfigurationPlatforms) = preSolution
		Debug|Any CPU = Debug|Any CPU
		Release|Any CPU = Release|Any CPU
	EndGlobalSection
	GlobalSection(ProjectConfigurationPlatforms) = postSolution
		{0190220E-A5C8-463D-B18B-F7B96361C08F}.Debug|Any CPU.ActiveCfg = Debug|Any CPU
		{0190220E-A5C8-463D-B18B-F7B96361C08F}.Debug|Any CPU.Build.0 = Debug|Any CPU
		{0190220E-A5C8-463D-B18B-F7B96361C08F}.Release|Any CPU.ActiveCfg = Release|Any CPU
		{0190220E-A5C8-463D-B18B-F7B96361C08F}.Release|Any CPU.Build.0 = Release|Any CPU
	EndGlobalSection
	GlobalSection(SolutionProperties) = preSolution
		HideSolutionNode = FALSE
	EndGlobalSection
	GlobalSection(ExtensibilityGlobals) = postSolution
		SolutionGuid = {7189944D-5000-4668-841C-C576A4069495}
	EndGlobalSection
EndGlobal
